--- 
dependencies: 
  compass: 
    group: 
    - :default
    version: ">= 0"
  fssm: 
    group: 
    - :default
    version: ">= 0"
  haml: 
    group: 
    - :default
    version: ">= 3.0.0.beta.3"
    require: 
    - sass
  rake: 
    group: 
    - :default
    version: ">= 0"
  thor: 
    group: 
    - :default
    version: ">= 0"
  mime-types: 
    group: 
    - :default
    version: ">= 0"
  serve: 
    group: 
    - :default
    version: ">= 0"
  rack: 
    group: 
    - :default
    version: ">= 0"
  css-slideshow: 
    group: 
    - :default
    version: = 0.2.0
  nanoc3: 
    group: 
    - :default
    version: ">= 0"
    require: []

  compass-susy-plugin: 
    group: 
    - :default
    version: = 0.7.0.pre8
  rdiscount: 
    group: 
    - :default
    version: ">= 0"
  coderay: 
    group: 
    - :default
    version: ">= 0"
  nokogiri: 
    group: 
    - :default
    version: ">= 0"
specs: 
- rake: 
    version: 0.8.7
- activesupport: 
    version: 2.3.5
- coderay: 
    version: 0.9.3
- haml: 
    version: 3.0.0.rc.3
- compass: 
    version: 0.10.0.rc4.dev.e513d86
    source: 0
- compass-susy-plugin: 
    version: 0.7.0.pre8
    source: 0
- cri: 
    version: 1.0.1
- css-slideshow: 
    version: 0.2.0
    source: 0
- fssm: 
    version: 0.1.4
- mime-types: 
    version: "1.16"
- nanoc3: 
    version: 3.1.2
    source: 1
- nokogiri: 
    version: 1.4.1.1
- rack: 
    version: 1.1.0
- rdiscount: 
    version: 1.6.3.1
- serve: 
    version: 0.10.0
- thor: 
    version: 0.13.6
hash: 09bc9dccbf40f91aa0fa543d0f77ef9bb3951559
sources: 
- Path: 
    path: !ruby/object:Pathname 
      path: /Users/chris/Projects/compass/doc-src/../..
- Git: 
    uri: git://github.com/chriseppstein/nanoc.git
    branch: 3.1.x
    require: false
    git: git://github.com/chriseppstein/nanoc.git
    ref: 398294262623dac9bb15dcbbfc0ba33c04f8125e
- Rubygems: 
    uri: http://gemcutter.org
